
Microsoft Visual Studio Solution File, Format Version 12.00
# Visual Studio Version 17
VisualStudioVersion = 17.7.34031.279
MinimumVisualStudioVersion = 10.0.40219.1
Project("{FAE04EC0-301F-11D3-BF4B-00C04F79EFBC}") = "DiaryProject", "DiaryProject\DiaryProject.csproj", "{6E9F58D9-3B3C-4BAF-BB86-0689225C4C71}"
EndProject
Global
	GlobalSection(SolutionConfigurationPlatforms) = preSolution
		Debug|Any CPU = Debug|Any CPU
		Release|Any CPU = Release|Any CPU
	EndGlobalSection
	GlobalSection(ProjectConfigurationPlatforms) = postSolution
		{6E9F58D9-3B3C-4BAF-BB86-0689225C4C71}.Debug|Any CPU.ActiveCfg = Debug|Any CPU
		{6E9F58D9-3B3C-4BAF-BB86-0689225C4C71}.Debug|Any CPU.Build.0 = Debug|Any CPU
		{6E9F58D9-3B3C-4BAF-BB86-0689225C4C71}.Release|Any CPU.ActiveCfg = Release|Any CPU
		{6E9F58D9-3B3C-4BAF-BB86-0689225C4C71}.Release|Any CPU.Build.0 = Release|Any CPU
	EndGlobalSection
	GlobalSection(SolutionProperties) = preSolution
		HideSolutionNode = FALSE
	EndGlobalSection
	GlobalSection(ExtensibilityGlobals) = postSolution
		SolutionGuid = {F57D7C8C-30DB-4B10-9FE7-27358706D1AB}
	EndGlobalSection
EndGlobal
